
Microsoft Visual Studio Solution File, Format Version 12.00
# Visual Studio Version 17
VisualStudioVersion = 17.0.31903.59
MinimumVisualStudioVersion = 10.0.40219.1
Project("{FAE04EC0-301F-11D3-BF4B-00C04F79EFBC}") = "MyThreadPool", "MyThreadPool\MyThreadPool.csproj", "{1FB8F0B6-6905-4275-AC10-799103855B5A}"
EndProject
Project("{FAE04EC0-301F-11D3-BF4B-00C04F79EFBC}") = "MyThreadPool.tests", "MyThreadPool.tests\MyThreadPool.tests.csproj", "{938E86A5-0822-4D3E-A82D-F3B64504541B}"
EndProject
Global
	GlobalSection(SolutionConfigurationPlatforms) = preSolution
		Debug|Any CPU = Debug|Any CPU
		Release|Any CPU = Release|Any CPU
	EndGlobalSection
	GlobalSection(SolutionProperties) = preSolution
		HideSolutionNode = FALSE
	EndGlobalSection
	GlobalSection(ProjectConfigurationPlatforms) = postSolution
		{1FB8F0B6-6905-4275-AC10-799103855B5A}.Debug|Any CPU.ActiveCfg = Debug|Any CPU
		{1FB8F0B6-6905-4275-AC10-799103855B5A}.Debug|Any CPU.Build.0 = Debug|Any CPU
		{1FB8F0B6-6905-4275-AC10-799103855B5A}.Release|Any CPU.ActiveCfg = Release|Any CPU
		{1FB8F0B6-6905-4275-AC10-799103855B5A}.Release|Any CPU.Build.0 = Release|Any CPU
		{938E86A5-0822-4D3E-A82D-F3B64504541B}.Debug|Any CPU.ActiveCfg = Debug|Any CPU
		{938E86A5-0822-4D3E-A82D-F3B64504541B}.Debug|Any CPU.Build.0 = Debug|Any CPU
		{938E86A5-0822-4D3E-A82D-F3B64504541B}.Release|Any CPU.ActiveCfg = Release|Any CPU
		{938E86A5-0822-4D3E-A82D-F3B64504541B}.Release|Any CPU.Build.0 = Release|Any CPU
	EndGlobalSection
EndGlobal
